
Microsoft Visual Studio Solution File, Format Version 12.00
# Visual Studio Version 16
VisualStudioVersion = 16.0.29709.97
MinimumVisualStudioVersion = 10.0.40219.1
Project("{FAE04EC0-301F-11D3-BF4B-00C04F79EFBC}") = "FiguresClasses", "FiguresClasses\FiguresClasses.csproj", "{73F4F4FB-FF00-463C-906A-316BEEE31410}"
EndProject
Global
	GlobalSection(SolutionConfigurationPlatforms) = preSolution
		Debug|Any CPU = Debug|Any CPU
		Release|Any CPU = Release|Any CPU
	EndGlobalSection
	GlobalSection(ProjectConfigurationPlatforms) = postSolution
		{73F4F4FB-FF00-463C-906A-316BEEE31410}.Debug|Any CPU.ActiveCfg = Debug|Any CPU
		{73F4F4FB-FF00-463C-906A-316BEEE31410}.Debug|Any CPU.Build.0 = Debug|Any CPU
		{73F4F4FB-FF00-463C-906A-316BEEE31410}.Release|Any CPU.ActiveCfg = Release|Any CPU
		{73F4F4FB-FF00-463C-906A-316BEEE31410}.Release|Any CPU.Build.0 = Release|Any CPU
	EndGlobalSection
	GlobalSection(SolutionProperties) = preSolution
		HideSolutionNode = FALSE
	EndGlobalSection
	GlobalSection(ExtensibilityGlobals) = postSolution
		SolutionGuid = {D855DC30-9EDE-4F6B-8DAF-DB2383A319E2}
	EndGlobalSection
EndGlobal
